# THIS IS AN AUTOGENERATED FILE. DO NOT EDIT THIS FILE DIRECTLY.
# yarn lockfile v1


vue@^2.3.3:
  version "2.3.3"
  resolved "http://registry.npm.taobao.org/vue/download/vue-2.3.3.tgz#d1eaa8fde5240735a4563e74f2c7fead9cbb064c"

vuex@^2.3.1:
  version "2.3.1"
  resolved "http://registry.npm.taobao.org/vuex/download/vuex-2.3.1.tgz#cde8e997c1f9957719bc7dea154f9aa691d981a6"
